{
  "version": 4,
  "terraform_version": "1.6.5",
  "serial": 250,
  "lineage": "5db22a9d-9fd8-b4a4-7fd1-665c10eaeca2",
  "outputs": {},
  "resources": [
    {
      "mode": "data",
      "type": "azurerm_resource_group",
      "name": "example",
      "provider": "provider[\"registry.terraform.io/hashicorp/azurerm\"]",
      "instances": [
        {
          "schema_version": 0,
          "attributes": {
            "id": "/subscriptions/491e1121-c626-46e3-98ba-98f9f0434964/resourceGroups/8pmbatch-RG",
            "location": "uksouth",
            "managed_by": "",
            "name": "8pmbatch-RG",
            "tags": {},
            "timeouts": null
          },
          "sensitive_attributes": []
        }
      ]
    },
    {
      "mode": "data",
      "type": "template_file",
      "name": "linux-vm-cloud-init",
      "provider": "provider[\"registry.terraform.io/hashicorp/template\"]",
      "instances": [
        {
          "schema_version": 0,
          "attributes": {
            "filename": null,
            "id": "4cd36428b311ce8e76ecaab476440586f3cd6c2c010b96d79b1e0001dad4b26d",
            "rendered": "#!/bin/bash\n        /usr/sbin/useradd ansibletest\n        echo \"ansibletest        ALL=(ALL)       NOPASSWD: ALL\" \u003e\u003e /etc/sudoers.d/ansibletest\n        /usr/bin/mkdir /home/ansibletest/.ssh\n        /usr/bin/chown ansibletest:ansibletest /home/ansibletest/.ssh\n        /usr/bin/chmod 700 /home/ansibletest/.ssh\n        echo \"ssh-rsa AAAAB3NzaC1yc2EAAAADAQABAAABgQDFqiwFoR8QqLGrPywu/LOrbtVvnJORdsXo/woO0uXxzujehFJvdw9cF0rSg0MxJvPt/eFVabxy2B+rkw+Z9XXiWbeRH5rVEuh2HDgmvFOcjggBF9L3pgj4LgrEZ1bMULZZvTLoXeFSNzaOh9A6DmfdvpqjuaZI5ok9Z7d2Q+8Z/j4OEqWoyFOz+xZcoWos2T52VzyRxfgCQcC+scLFWXEocf1V6W+3kyBSgq0Lv36T/GD/a6pi2T24WXtVQMSvfLkKT41bw9nFSgp4TTZykQdS6Jza0j/kxcAnbTlJ54rdEYcRE6cGfcm6YOA6138K3nzzHZWwalKNJZxfkrIaV8ES889wm1BbeMT4ys6hxwQQH8aJZ/dlRMoNmJ5vDNhTVr6kyyaYkObNU3LOa+GhYOao9Bu4kJOyMsLuLjSSz6+z59lYdtTajoWqU47ggsTVNnYt7/ckraiwKZVENuTx+lg/tBG7lj+ldMtThdawpHWdhK+qzv/ArMivRfBRVrLVNVs= azureuser@multitenant-uat-zp-vm\" \u003e\u003e /home/ansibletest/.ssh/authorized_keys\n        /usr/bin/chmod 600 /home/ansibletest/.ssh/authorized_keys\n        /usr/bin/chown ansibletest:ansibletest /home/ansibletest/.ssh/authorized_keys",
            "template": "#!/bin/bash\n        /usr/sbin/useradd ansibletest\n        echo \"ansibletest        ALL=(ALL)       NOPASSWD: ALL\" \u003e\u003e /etc/sudoers.d/ansibletest\n        /usr/bin/mkdir /home/ansibletest/.ssh\n        /usr/bin/chown ansibletest:ansibletest /home/ansibletest/.ssh\n        /usr/bin/chmod 700 /home/ansibletest/.ssh\n        echo \"ssh-rsa AAAAB3NzaC1yc2EAAAADAQABAAABgQDFqiwFoR8QqLGrPywu/LOrbtVvnJORdsXo/woO0uXxzujehFJvdw9cF0rSg0MxJvPt/eFVabxy2B+rkw+Z9XXiWbeRH5rVEuh2HDgmvFOcjggBF9L3pgj4LgrEZ1bMULZZvTLoXeFSNzaOh9A6DmfdvpqjuaZI5ok9Z7d2Q+8Z/j4OEqWoyFOz+xZcoWos2T52VzyRxfgCQcC+scLFWXEocf1V6W+3kyBSgq0Lv36T/GD/a6pi2T24WXtVQMSvfLkKT41bw9nFSgp4TTZykQdS6Jza0j/kxcAnbTlJ54rdEYcRE6cGfcm6YOA6138K3nzzHZWwalKNJZxfkrIaV8ES889wm1BbeMT4ys6hxwQQH8aJZ/dlRMoNmJ5vDNhTVr6kyyaYkObNU3LOa+GhYOao9Bu4kJOyMsLuLjSSz6+z59lYdtTajoWqU47ggsTVNnYt7/ckraiwKZVENuTx+lg/tBG7lj+ldMtThdawpHWdhK+qzv/ArMivRfBRVrLVNVs= azureuser@multitenant-uat-zp-vm\" \u003e\u003e /home/ansibletest/.ssh/authorized_keys\n        /usr/bin/chmod 600 /home/ansibletest/.ssh/authorized_keys\n        /usr/bin/chown ansibletest:ansibletest /home/ansibletest/.ssh/authorized_keys",
            "vars": null
          },
          "sensitive_attributes": []
        }
      ]
    },
    {
      "mode": "managed",
      "type": "azurerm_linux_virtual_machine",
      "name": "example",
      "provider": "provider[\"registry.terraform.io/hashicorp/azurerm\"]",
      "instances": [
        {
          "index_key": 0,
          "schema_version": 0,
          "attributes": {
            "additional_capabilities": [],
            "admin_password": null,
            "admin_ssh_key": [
              {
                "public_key": "ssh-rsa AAAAB3NzaC1yc2EAAAADAQABAAABgQC2ErFUZAvQyyGui2xTTihqdWnkgphjVCkFieALpr0lTbW6oXT61+4Zk+PaJhUbBKwYM3rOFyR2KptMsW9GCnG0k/KiN+zDO594Sd02SfzrZ/nZ78lt1RE4Gq25UHg4a5bXshTuIHFluCjBtFnbp4ZOhZjMSU1JP/8jTmN4ritemnk5NMTuFA4EwIXK870d/kAFqxqHX7aaYyUG7HXfXs3PeeL4o4zMzd5DkIqHC6s8SpbhaJV/ideT6jdy8Ivtsk+DiGuEOcre8rVo9ZGHN0il0nCESnys0nNFbemCB7WD/4WF5LbPSg/6ZS+XMgqYOKzAbFYqMiQ0rxnZWVk0gcogbbrd5t10pq6KXyqBdP88TPhsWPtjtq0R4X9+m/lRW6XQ/tsNCfavWqT+Lu9zVpqVPKWn/QfZPbEYZthBxVLykxBRg6XF442fUNpNhDuBxoaccUPx5JXyMy/+MvMu8jlMyNGOUrvkm5+i8PMAqw2kivWiVJAc1GYC/z0OocwjkQM= azureuser@ado-201-vm\n",
                "username": "adminuser"
              }
            ],
            "admin_username": "adminuser",
            "allow_extension_operations": true,
            "availability_set_id": "",
            "boot_diagnostics": [],
            "bypass_platform_safety_checks_on_user_schedule_enabled": false,
            "capacity_reservation_group_id": "",
            "computer_name": "myVM-0",
            "custom_data": "IyEvYmluL2Jhc2gKICAgICAgICAvdXNyL3NiaW4vdXNlcmFkZCBhbnNpYmxldGVzdAogICAgICAgIGVjaG8gImFuc2libGV0ZXN0ICAgICAgICBBTEw9KEFMTCkgICAgICAgTk9QQVNTV0Q6IEFMTCIgPj4gL2V0Yy9zdWRvZXJzLmQvYW5zaWJsZXRlc3QKICAgICAgICAvdXNyL2Jpbi9ta2RpciAvaG9tZS9hbnNpYmxldGVzdC8uc3NoCiAgICAgICAgL3Vzci9iaW4vY2hvd24gYW5zaWJsZXRlc3Q6YW5zaWJsZXRlc3QgL2hvbWUvYW5zaWJsZXRlc3QvLnNzaAogICAgICAgIC91c3IvYmluL2NobW9kIDcwMCAvaG9tZS9hbnNpYmxldGVzdC8uc3NoCiAgICAgICAgZWNobyAic3NoLXJzYSBBQUFBQjNOemFDMXljMkVBQUFBREFRQUJBQUFCZ1FERnFpd0ZvUjhRcUxHclB5d3UvTE9yYnRWdm5KT1Jkc1hvL3dvTzB1WHh6dWplaEZKdmR3OWNGMHJTZzBNeEp2UHQvZUZWYWJ4eTJCK3JrdytaOVhYaVdiZVJINXJWRXVoMkhEZ212Rk9jamdnQkY5TDNwZ2o0TGdyRVoxYk1VTFpadlRMb1hlRlNOemFPaDlBNkRtZmR2cHFqdWFaSTVvazlaN2QyUSs4Wi9qNE9FcVdveUZPeit4WmNvV29zMlQ1MlZ6eVJ4ZmdDUWNDK3NjTEZXWEVvY2YxVjZXKzNreUJTZ3EwTHYzNlQvR0QvYTZwaTJUMjRXWHRWUU1TdmZMa0tUNDFidzluRlNncDRUVFp5a1FkUzZKemEwai9reGNBbmJUbEo1NHJkRVljUkU2Y0dmY202WU9BNjEzOEszbnp6SFpXd2FsS05KWnhma3JJYVY4RVM4ODl3bTFCYmVNVDR5czZoeHdRUUg4YUpaL2RsUk1vTm1KNXZETmhUVnI2a3l5YVlrT2JOVTNMT2ErR2hZT2FvOUJ1NGtKT3lNc0x1TGpTU3o2K3o1OWxZZHRUYWpvV3FVNDdnZ3NUVk5uWXQ3L2NrcmFpd0taVkVOdVR4K2xnL3RCRzdsaitsZE10VGhkYXdwSFdkaEsrcXp2L0FyTWl2UmZCUlZyTFZOVnM9IGF6dXJldXNlckBtdWx0aXRlbmFudC11YXQtenAtdm0iID4+IC9ob21lL2Fuc2libGV0ZXN0Ly5zc2gvYXV0aG9yaXplZF9rZXlzCiAgICAgICAgL3Vzci9iaW4vY2htb2QgNjAwIC9ob21lL2Fuc2libGV0ZXN0Ly5zc2gvYXV0aG9yaXplZF9rZXlzCiAgICAgICAgL3Vzci9iaW4vY2hvd24gYW5zaWJsZXRlc3Q6YW5zaWJsZXRlc3QgL2hvbWUvYW5zaWJsZXRlc3QvLnNzaC9hdXRob3JpemVkX2tleXM=",
            "dedicated_host_group_id": "",
            "dedicated_host_id": "",
            "disable_password_authentication": true,
            "edge_zone": "",
            "encryption_at_host_enabled": false,
            "eviction_policy": "",
            "extensions_time_budget": "PT1H30M",
            "gallery_application": [],
            "id": "/subscriptions/491e1121-c626-46e3-98ba-98f9f0434964/resourceGroups/8pmbatch-RG/providers/Microsoft.Compute/virtualMachines/myVM-0",
            "identity": [],
            "license_type": "",
            "location": "southeastasia",
            "max_bid_price": -1,
            "name": "myVM-0",
            "network_interface_ids": [
              "/subscriptions/491e1121-c626-46e3-98ba-98f9f0434964/resourceGroups/8pmbatch-RG/providers/Microsoft.Network/networkInterfaces/myNIC1-0"
            ],
            "os_disk": [
              {
                "caching": "ReadWrite",
                "diff_disk_settings": [],
                "disk_encryption_set_id": "",
                "disk_size_gb": 30,
                "name": "myVM-0_OsDisk_1_41767996d7fe46e9acd64623d16f2ff8",
                "secure_vm_disk_encryption_set_id": "",
                "security_encryption_type": "",
                "storage_account_type": "Standard_LRS",
                "write_accelerator_enabled": false
              }
            ],
            "patch_assessment_mode": "ImageDefault",
            "patch_mode": "ImageDefault",
            "plan": [],
            "platform_fault_domain": -1,
            "priority": "Regular",
            "private_ip_address": "10.0.1.4",
            "private_ip_addresses": [
              "10.0.1.4"
            ],
            "provision_vm_agent": true,
            "proximity_placement_group_id": "",
            "public_ip_address": "20.24.20.111",
            "public_ip_addresses": [
              "20.24.20.111"
            ],
            "reboot_setting": "",
            "resource_group_name": "8pmbatch-RG",
            "secret": [],
            "secure_boot_enabled": false,
            "size": "Standard_DS1_v2",
            "source_image_id": "",
            "source_image_reference": [
              {
                "offer": "UbuntuServer",
                "publisher": "Canonical",
                "sku": "18.04-LTS",
                "version": "latest"
              }
            ],
            "tags": null,
            "termination_notification": null,
            "timeouts": null,
            "user_data": "",
            "virtual_machine_id": "e2c94b33-3be7-47db-a7cf-a19481bbe46a",
            "virtual_machine_scale_set_id": "",
            "vtpm_enabled": false,
            "zone": ""
          },
          "sensitive_attributes": [],
          "private": "eyJlMmJmYjczMC1lY2FhLTExZTYtOGY4OC0zNDM2M2JjN2M0YzAiOnsiY3JlYXRlIjoyNzAwMDAwMDAwMDAwLCJkZWxldGUiOjI3MDAwMDAwMDAwMDAsInJlYWQiOjMwMDAwMDAwMDAwMCwidXBkYXRlIjoyNzAwMDAwMDAwMDAwfX0=",
          "dependencies": [
            "azurerm_network_interface.example",
            "azurerm_public_ip.pip",
            "azurerm_subnet.example",
            "azurerm_virtual_network.example",
            "data.azurerm_resource_group.example",
            "data.template_file.linux-vm-cloud-init"
          ]
        },
        {
          "index_key": 1,
          "schema_version": 0,
          "attributes": {
            "additional_capabilities": [],
            "admin_password": null,
            "admin_ssh_key": [
              {
                "public_key": "ssh-rsa AAAAB3NzaC1yc2EAAAADAQABAAABgQC2ErFUZAvQyyGui2xTTihqdWnkgphjVCkFieALpr0lTbW6oXT61+4Zk+PaJhUbBKwYM3rOFyR2KptMsW9GCnG0k/KiN+zDO594Sd02SfzrZ/nZ78lt1RE4Gq25UHg4a5bXshTuIHFluCjBtFnbp4ZOhZjMSU1JP/8jTmN4ritemnk5NMTuFA4EwIXK870d/kAFqxqHX7aaYyUG7HXfXs3PeeL4o4zMzd5DkIqHC6s8SpbhaJV/ideT6jdy8Ivtsk+DiGuEOcre8rVo9ZGHN0il0nCESnys0nNFbemCB7WD/4WF5LbPSg/6ZS+XMgqYOKzAbFYqMiQ0rxnZWVk0gcogbbrd5t10pq6KXyqBdP88TPhsWPtjtq0R4X9+m/lRW6XQ/tsNCfavWqT+Lu9zVpqVPKWn/QfZPbEYZthBxVLykxBRg6XF442fUNpNhDuBxoaccUPx5JXyMy/+MvMu8jlMyNGOUrvkm5+i8PMAqw2kivWiVJAc1GYC/z0OocwjkQM= azureuser@ado-201-vm\n",
                "username": "adminuser"
              }
            ],
            "admin_username": "adminuser",
            "allow_extension_operations": true,
            "availability_set_id": "",
            "boot_diagnostics": [],
            "bypass_platform_safety_checks_on_user_schedule_enabled": false,
            "capacity_reservation_group_id": "",
            "computer_name": "myVM-1",
            "custom_data": "IyEvYmluL2Jhc2gKICAgICAgICAvdXNyL3NiaW4vdXNlcmFkZCBhbnNpYmxldGVzdAogICAgICAgIGVjaG8gImFuc2libGV0ZXN0ICAgICAgICBBTEw9KEFMTCkgICAgICAgTk9QQVNTV0Q6IEFMTCIgPj4gL2V0Yy9zdWRvZXJzLmQvYW5zaWJsZXRlc3QKICAgICAgICAvdXNyL2Jpbi9ta2RpciAvaG9tZS9hbnNpYmxldGVzdC8uc3NoCiAgICAgICAgL3Vzci9iaW4vY2hvd24gYW5zaWJsZXRlc3Q6YW5zaWJsZXRlc3QgL2hvbWUvYW5zaWJsZXRlc3QvLnNzaAogICAgICAgIC91c3IvYmluL2NobW9kIDcwMCAvaG9tZS9hbnNpYmxldGVzdC8uc3NoCiAgICAgICAgZWNobyAic3NoLXJzYSBBQUFBQjNOemFDMXljMkVBQUFBREFRQUJBQUFCZ1FERnFpd0ZvUjhRcUxHclB5d3UvTE9yYnRWdm5KT1Jkc1hvL3dvTzB1WHh6dWplaEZKdmR3OWNGMHJTZzBNeEp2UHQvZUZWYWJ4eTJCK3JrdytaOVhYaVdiZVJINXJWRXVoMkhEZ212Rk9jamdnQkY5TDNwZ2o0TGdyRVoxYk1VTFpadlRMb1hlRlNOemFPaDlBNkRtZmR2cHFqdWFaSTVvazlaN2QyUSs4Wi9qNE9FcVdveUZPeit4WmNvV29zMlQ1MlZ6eVJ4ZmdDUWNDK3NjTEZXWEVvY2YxVjZXKzNreUJTZ3EwTHYzNlQvR0QvYTZwaTJUMjRXWHRWUU1TdmZMa0tUNDFidzluRlNncDRUVFp5a1FkUzZKemEwai9reGNBbmJUbEo1NHJkRVljUkU2Y0dmY202WU9BNjEzOEszbnp6SFpXd2FsS05KWnhma3JJYVY4RVM4ODl3bTFCYmVNVDR5czZoeHdRUUg4YUpaL2RsUk1vTm1KNXZETmhUVnI2a3l5YVlrT2JOVTNMT2ErR2hZT2FvOUJ1NGtKT3lNc0x1TGpTU3o2K3o1OWxZZHRUYWpvV3FVNDdnZ3NUVk5uWXQ3L2NrcmFpd0taVkVOdVR4K2xnL3RCRzdsaitsZE10VGhkYXdwSFdkaEsrcXp2L0FyTWl2UmZCUlZyTFZOVnM9IGF6dXJldXNlckBtdWx0aXRlbmFudC11YXQtenAtdm0iID4+IC9ob21lL2Fuc2libGV0ZXN0Ly5zc2gvYXV0aG9yaXplZF9rZXlzCiAgICAgICAgL3Vzci9iaW4vY2htb2QgNjAwIC9ob21lL2Fuc2libGV0ZXN0Ly5zc2gvYXV0aG9yaXplZF9rZXlzCiAgICAgICAgL3Vzci9iaW4vY2hvd24gYW5zaWJsZXRlc3Q6YW5zaWJsZXRlc3QgL2hvbWUvYW5zaWJsZXRlc3QvLnNzaC9hdXRob3JpemVkX2tleXM=",
            "dedicated_host_group_id": "",
            "dedicated_host_id": "",
            "disable_password_authentication": true,
            "edge_zone": "",
            "encryption_at_host_enabled": false,
            "eviction_policy": "",
            "extensions_time_budget": "PT1H30M",
            "gallery_application": [],
            "id": "/subscriptions/491e1121-c626-46e3-98ba-98f9f0434964/resourceGroups/8pmbatch-RG/providers/Microsoft.Compute/virtualMachines/myVM-1",
            "identity": [],
            "license_type": "",
            "location": "southeastasia",
            "max_bid_price": -1,
            "name": "myVM-1",
            "network_interface_ids": [
              "/subscriptions/491e1121-c626-46e3-98ba-98f9f0434964/resourceGroups/8pmbatch-RG/providers/Microsoft.Network/networkInterfaces/myNIC1-1"
            ],
            "os_disk": [
              {
                "caching": "ReadWrite",
                "diff_disk_settings": [],
                "disk_encryption_set_id": "",
                "disk_size_gb": 30,
                "name": "myVM-1_OsDisk_1_1fb6b46dd9ec42e288d02ed14a60279a",
                "secure_vm_disk_encryption_set_id": "",
                "security_encryption_type": "",
                "storage_account_type": "Standard_LRS",
                "write_accelerator_enabled": false
              }
            ],
            "patch_assessment_mode": "ImageDefault",
            "patch_mode": "ImageDefault",
            "plan": [],
            "platform_fault_domain": -1,
            "priority": "Regular",
            "private_ip_address": "10.0.1.5",
            "private_ip_addresses": [
              "10.0.1.5"
            ],
            "provision_vm_agent": true,
            "proximity_placement_group_id": "",
            "public_ip_address": "20.24.20.27",
            "public_ip_addresses": [
              "20.24.20.27"
            ],
            "reboot_setting": "",
            "resource_group_name": "8pmbatch-RG",
            "secret": [],
            "secure_boot_enabled": false,
            "size": "Standard_DS1_v2",
            "source_image_id": "",
            "source_image_reference": [
              {
                "offer": "UbuntuServer",
                "publisher": "Canonical",
                "sku": "18.04-LTS",
                "version": "latest"
              }
            ],
            "tags": null,
            "termination_notification": null,
            "timeouts": null,
            "user_data": "",
            "virtual_machine_id": "68d8ce3d-fc41-4578-bb2f-5c8fcf7e8bd5",
            "virtual_machine_scale_set_id": "",
            "vtpm_enabled": false,
            "zone": ""
          },
          "sensitive_attributes": [],
          "private": "eyJlMmJmYjczMC1lY2FhLTExZTYtOGY4OC0zNDM2M2JjN2M0YzAiOnsiY3JlYXRlIjoyNzAwMDAwMDAwMDAwLCJkZWxldGUiOjI3MDAwMDAwMDAwMDAsInJlYWQiOjMwMDAwMDAwMDAwMCwidXBkYXRlIjoyNzAwMDAwMDAwMDAwfX0=",
          "dependencies": [
            "azurerm_network_interface.example",
            "azurerm_public_ip.pip",
            "azurerm_subnet.example",
            "azurerm_virtual_network.example",
            "data.azurerm_resource_group.example",
            "data.template_file.linux-vm-cloud-init"
          ]
        }
      ]
    },
    {
      "mode": "managed",
      "type": "azurerm_network_interface",
      "name": "example",
      "provider": "provider[\"registry.terraform.io/hashicorp/azurerm\"]",
      "instances": [
        {
          "index_key": 0,
          "schema_version": 0,
          "attributes": {
            "applied_dns_servers": [],
            "auxiliary_mode": "",
            "auxiliary_sku": "",
            "dns_servers": [],
            "edge_zone": "",
            "enable_accelerated_networking": false,
            "enable_ip_forwarding": false,
            "id": "/subscriptions/491e1121-c626-46e3-98ba-98f9f0434964/resourceGroups/8pmbatch-RG/providers/Microsoft.Network/networkInterfaces/myNIC1-0",
            "internal_dns_name_label": "",
            "internal_domain_name_suffix": "4t3habwrtitejjh10rwysz5kfh.ix.internal.cloudapp.net",
            "ip_configuration": [
              {
                "gateway_load_balancer_frontend_ip_configuration_id": "",
                "name": "myNIC-0-config",
                "primary": true,
                "private_ip_address": "10.0.1.4",
                "private_ip_address_allocation": "Dynamic",
                "private_ip_address_version": "IPv4",
                "public_ip_address_id": "/subscriptions/491e1121-c626-46e3-98ba-98f9f0434964/resourceGroups/8pmbatch-RG/providers/Microsoft.Network/publicIPAddresses/0-pip",
                "subnet_id": "/subscriptions/491e1121-c626-46e3-98ba-98f9f0434964/resourceGroups/8pmbatch-RG/providers/Microsoft.Network/virtualNetworks/myVnet/subnets/mySubnet"
              }
            ],
            "location": "southeastasia",
            "mac_address": "",
            "name": "myNIC1-0",
            "private_ip_address": "10.0.1.4",
            "private_ip_addresses": [
              "10.0.1.4"
            ],
            "resource_group_name": "8pmbatch-RG",
            "tags": null,
            "timeouts": null,
            "virtual_machine_id": ""
          },
          "sensitive_attributes": [],
          "private": "eyJlMmJmYjczMC1lY2FhLTExZTYtOGY4OC0zNDM2M2JjN2M0YzAiOnsiY3JlYXRlIjoxODAwMDAwMDAwMDAwLCJkZWxldGUiOjE4MDAwMDAwMDAwMDAsInJlYWQiOjMwMDAwMDAwMDAwMCwidXBkYXRlIjoxODAwMDAwMDAwMDAwfX0=",
          "dependencies": [
            "azurerm_public_ip.pip",
            "azurerm_subnet.example",
            "azurerm_virtual_network.example",
            "data.azurerm_resource_group.example"
          ]
        },
        {
          "index_key": 1,
          "schema_version": 0,
          "attributes": {
            "applied_dns_servers": [],
            "auxiliary_mode": "",
            "auxiliary_sku": "",
            "dns_servers": [],
            "edge_zone": "",
            "enable_accelerated_networking": false,
            "enable_ip_forwarding": false,
            "id": "/subscriptions/491e1121-c626-46e3-98ba-98f9f0434964/resourceGroups/8pmbatch-RG/providers/Microsoft.Network/networkInterfaces/myNIC1-1",
            "internal_dns_name_label": "",
            "internal_domain_name_suffix": "4t3habwrtitejjh10rwysz5kfh.ix.internal.cloudapp.net",
            "ip_configuration": [
              {
                "gateway_load_balancer_frontend_ip_configuration_id": "",
                "name": "myNIC-1-config",
                "primary": true,
                "private_ip_address": "10.0.1.5",
                "private_ip_address_allocation": "Dynamic",
                "private_ip_address_version": "IPv4",
                "public_ip_address_id": "/subscriptions/491e1121-c626-46e3-98ba-98f9f0434964/resourceGroups/8pmbatch-RG/providers/Microsoft.Network/publicIPAddresses/1-pip",
                "subnet_id": "/subscriptions/491e1121-c626-46e3-98ba-98f9f0434964/resourceGroups/8pmbatch-RG/providers/Microsoft.Network/virtualNetworks/myVnet/subnets/mySubnet"
              }
            ],
            "location": "southeastasia",
            "mac_address": "",
            "name": "myNIC1-1",
            "private_ip_address": "10.0.1.5",
            "private_ip_addresses": [
              "10.0.1.5"
            ],
            "resource_group_name": "8pmbatch-RG",
            "tags": null,
            "timeouts": null,
            "virtual_machine_id": ""
          },
          "sensitive_attributes": [],
          "private": "eyJlMmJmYjczMC1lY2FhLTExZTYtOGY4OC0zNDM2M2JjN2M0YzAiOnsiY3JlYXRlIjoxODAwMDAwMDAwMDAwLCJkZWxldGUiOjE4MDAwMDAwMDAwMDAsInJlYWQiOjMwMDAwMDAwMDAwMCwidXBkYXRlIjoxODAwMDAwMDAwMDAwfX0=",
          "dependencies": [
            "azurerm_public_ip.pip",
            "azurerm_subnet.example",
            "azurerm_virtual_network.example",
            "data.azurerm_resource_group.example"
          ]
        }
      ]
    },
    {
      "mode": "managed",
      "type": "azurerm_network_interface_security_group_association",
      "name": "example",
      "provider": "provider[\"registry.terraform.io/hashicorp/azurerm\"]",
      "instances": [
        {
          "index_key": 0,
          "schema_version": 0,
          "attributes": {
            "id": "/subscriptions/491e1121-c626-46e3-98ba-98f9f0434964/resourceGroups/8pmbatch-RG/providers/Microsoft.Network/networkInterfaces/myNIC1-0|/subscriptions/491e1121-c626-46e3-98ba-98f9f0434964/resourceGroups/8pmbatch-RG/providers/Microsoft.Network/networkSecurityGroups/myNSG",
            "network_interface_id": "/subscriptions/491e1121-c626-46e3-98ba-98f9f0434964/resourceGroups/8pmbatch-RG/providers/Microsoft.Network/networkInterfaces/myNIC1-0",
            "network_security_group_id": "/subscriptions/491e1121-c626-46e3-98ba-98f9f0434964/resourceGroups/8pmbatch-RG/providers/Microsoft.Network/networkSecurityGroups/myNSG",
            "timeouts": null
          },
          "sensitive_attributes": [],
          "private": "eyJlMmJmYjczMC1lY2FhLTExZTYtOGY4OC0zNDM2M2JjN2M0YzAiOnsiY3JlYXRlIjoxODAwMDAwMDAwMDAwLCJkZWxldGUiOjE4MDAwMDAwMDAwMDAsInJlYWQiOjMwMDAwMDAwMDAwMH19",
          "dependencies": [
            "azurerm_network_interface.example",
            "azurerm_network_security_group.example",
            "azurerm_public_ip.pip",
            "azurerm_subnet.example",
            "azurerm_virtual_network.example",
            "data.azurerm_resource_group.example"
          ]
        },
        {
          "index_key": 1,
          "schema_version": 0,
          "attributes": {
            "id": "/subscriptions/491e1121-c626-46e3-98ba-98f9f0434964/resourceGroups/8pmbatch-RG/providers/Microsoft.Network/networkInterfaces/myNIC1-1|/subscriptions/491e1121-c626-46e3-98ba-98f9f0434964/resourceGroups/8pmbatch-RG/providers/Microsoft.Network/networkSecurityGroups/myNSG",
            "network_interface_id": "/subscriptions/491e1121-c626-46e3-98ba-98f9f0434964/resourceGroups/8pmbatch-RG/providers/Microsoft.Network/networkInterfaces/myNIC1-1",
            "network_security_group_id": "/subscriptions/491e1121-c626-46e3-98ba-98f9f0434964/resourceGroups/8pmbatch-RG/providers/Microsoft.Network/networkSecurityGroups/myNSG",
            "timeouts": null
          },
          "sensitive_attributes": [],
          "private": "eyJlMmJmYjczMC1lY2FhLTExZTYtOGY4OC0zNDM2M2JjN2M0YzAiOnsiY3JlYXRlIjoxODAwMDAwMDAwMDAwLCJkZWxldGUiOjE4MDAwMDAwMDAwMDAsInJlYWQiOjMwMDAwMDAwMDAwMH19",
          "dependencies": [
            "azurerm_network_interface.example",
            "azurerm_network_security_group.example",
            "azurerm_public_ip.pip",
            "azurerm_subnet.example",
            "azurerm_virtual_network.example",
            "data.azurerm_resource_group.example"
          ]
        }
      ]
    },
    {
      "mode": "managed",
      "type": "azurerm_network_security_group",
      "name": "example",
      "provider": "provider[\"registry.terraform.io/hashicorp/azurerm\"]",
      "instances": [
        {
          "schema_version": 0,
          "attributes": {
            "id": "/subscriptions/491e1121-c626-46e3-98ba-98f9f0434964/resourceGroups/8pmbatch-RG/providers/Microsoft.Network/networkSecurityGroups/myNSG",
            "location": "southeastasia",
            "name": "myNSG",
            "resource_group_name": "8pmbatch-RG",
            "security_rule": [],
            "tags": null,
            "timeouts": null
          },
          "sensitive_attributes": [],
          "private": "eyJlMmJmYjczMC1lY2FhLTExZTYtOGY4OC0zNDM2M2JjN2M0YzAiOnsiY3JlYXRlIjoxODAwMDAwMDAwMDAwLCJkZWxldGUiOjE4MDAwMDAwMDAwMDAsInJlYWQiOjMwMDAwMDAwMDAwMCwidXBkYXRlIjoxODAwMDAwMDAwMDAwfX0=",
          "dependencies": [
            "data.azurerm_resource_group.example"
          ]
        }
      ]
    },
    {
      "mode": "managed",
      "type": "azurerm_network_security_rule",
      "name": "allow_ssh",
      "provider": "provider[\"registry.terraform.io/hashicorp/azurerm\"]",
      "instances": [
        {
          "index_key": 0,
          "schema_version": 0,
          "attributes": {
            "access": "Allow",
            "description": "",
            "destination_address_prefix": "*",
            "destination_address_prefixes": null,
            "destination_application_security_group_ids": null,
            "destination_port_range": "22",
            "destination_port_ranges": null,
            "direction": "Inbound",
            "id": "/subscriptions/491e1121-c626-46e3-98ba-98f9f0434964/resourceGroups/8pmbatch-RG/providers/Microsoft.Network/networkSecurityGroups/myNSG/securityRules/port-22",
            "name": "port-22",
            "network_security_group_name": "myNSG",
            "priority": 1001,
            "protocol": "Tcp",
            "resource_group_name": "8pmbatch-RG",
            "source_address_prefix": "*",
            "source_address_prefixes": null,
            "source_application_security_group_ids": null,
            "source_port_range": "*",
            "source_port_ranges": null,
            "timeouts": null
          },
          "sensitive_attributes": [],
          "private": "eyJlMmJmYjczMC1lY2FhLTExZTYtOGY4OC0zNDM2M2JjN2M0YzAiOnsiY3JlYXRlIjoxODAwMDAwMDAwMDAwLCJkZWxldGUiOjE4MDAwMDAwMDAwMDAsInJlYWQiOjMwMDAwMDAwMDAwMCwidXBkYXRlIjoxODAwMDAwMDAwMDAwfX0=",
          "dependencies": [
            "azurerm_network_security_group.example",
            "data.azurerm_resource_group.example"
          ]
        },
        {
          "index_key": 1,
          "schema_version": 0,
          "attributes": {
            "access": "Allow",
            "description": "",
            "destination_address_prefix": "*",
            "destination_address_prefixes": null,
            "destination_application_security_group_ids": null,
            "destination_port_range": "80",
            "destination_port_ranges": null,
            "direction": "Inbound",
            "id": "/subscriptions/491e1121-c626-46e3-98ba-98f9f0434964/resourceGroups/8pmbatch-RG/providers/Microsoft.Network/networkSecurityGroups/myNSG/securityRules/port-80",
            "name": "port-80",
            "network_security_group_name": "myNSG",
            "priority": 1002,
            "protocol": "Tcp",
            "resource_group_name": "8pmbatch-RG",
            "source_address_prefix": "*",
            "source_address_prefixes": null,
            "source_application_security_group_ids": null,
            "source_port_range": "*",
            "source_port_ranges": null,
            "timeouts": null
          },
          "sensitive_attributes": [],
          "private": "eyJlMmJmYjczMC1lY2FhLTExZTYtOGY4OC0zNDM2M2JjN2M0YzAiOnsiY3JlYXRlIjoxODAwMDAwMDAwMDAwLCJkZWxldGUiOjE4MDAwMDAwMDAwMDAsInJlYWQiOjMwMDAwMDAwMDAwMCwidXBkYXRlIjoxODAwMDAwMDAwMDAwfX0=",
          "dependencies": [
            "azurerm_network_security_group.example",
            "data.azurerm_resource_group.example"
          ]
        }
      ]
    },
    {
      "mode": "managed",
      "type": "azurerm_public_ip",
      "name": "pip",
      "provider": "provider[\"registry.terraform.io/hashicorp/azurerm\"]",
      "instances": [
        {
          "index_key": 0,
          "schema_version": 0,
          "attributes": {
            "allocation_method": "Dynamic",
            "ddos_protection_mode": "VirtualNetworkInherited",
            "ddos_protection_plan_id": null,
            "domain_name_label": null,
            "edge_zone": "",
            "fqdn": null,
            "id": "/subscriptions/491e1121-c626-46e3-98ba-98f9f0434964/resourceGroups/8pmbatch-RG/providers/Microsoft.Network/publicIPAddresses/0-pip",
            "idle_timeout_in_minutes": 4,
            "ip_address": "",
            "ip_tags": null,
            "ip_version": "IPv4",
            "location": "southeastasia",
            "name": "0-pip",
            "public_ip_prefix_id": null,
            "resource_group_name": "8pmbatch-RG",
            "reverse_fqdn": null,
            "sku": "Basic",
            "sku_tier": "Regional",
            "tags": null,
            "timeouts": null,
            "zones": null
          },
          "sensitive_attributes": [],
          "private": "eyJlMmJmYjczMC1lY2FhLTExZTYtOGY4OC0zNDM2M2JjN2M0YzAiOnsiY3JlYXRlIjoxODAwMDAwMDAwMDAwLCJkZWxldGUiOjE4MDAwMDAwMDAwMDAsInJlYWQiOjMwMDAwMDAwMDAwMCwidXBkYXRlIjoxODAwMDAwMDAwMDAwfX0=",
          "dependencies": [
            "data.azurerm_resource_group.example"
          ]
        },
        {
          "index_key": 1,
          "schema_version": 0,
          "attributes": {
            "allocation_method": "Dynamic",
            "ddos_protection_mode": "VirtualNetworkInherited",
            "ddos_protection_plan_id": null,
            "domain_name_label": null,
            "edge_zone": "",
            "fqdn": null,
            "id": "/subscriptions/491e1121-c626-46e3-98ba-98f9f0434964/resourceGroups/8pmbatch-RG/providers/Microsoft.Network/publicIPAddresses/1-pip",
            "idle_timeout_in_minutes": 4,
            "ip_address": "",
            "ip_tags": null,
            "ip_version": "IPv4",
            "location": "southeastasia",
            "name": "1-pip",
            "public_ip_prefix_id": null,
            "resource_group_name": "8pmbatch-RG",
            "reverse_fqdn": null,
            "sku": "Basic",
            "sku_tier": "Regional",
            "tags": null,
            "timeouts": null,
            "zones": null
          },
          "sensitive_attributes": [],
          "private": "eyJlMmJmYjczMC1lY2FhLTExZTYtOGY4OC0zNDM2M2JjN2M0YzAiOnsiY3JlYXRlIjoxODAwMDAwMDAwMDAwLCJkZWxldGUiOjE4MDAwMDAwMDAwMDAsInJlYWQiOjMwMDAwMDAwMDAwMCwidXBkYXRlIjoxODAwMDAwMDAwMDAwfX0=",
          "dependencies": [
            "data.azurerm_resource_group.example"
          ]
        }
      ]
    },
    {
      "mode": "managed",
      "type": "azurerm_subnet",
      "name": "example",
      "provider": "provider[\"registry.terraform.io/hashicorp/azurerm\"]",
      "instances": [
        {
          "schema_version": 0,
          "attributes": {
            "address_prefixes": [
              "10.0.1.0/24"
            ],
            "delegation": [],
            "enforce_private_link_endpoint_network_policies": false,
            "enforce_private_link_service_network_policies": false,
            "id": "/subscriptions/491e1121-c626-46e3-98ba-98f9f0434964/resourceGroups/8pmbatch-RG/providers/Microsoft.Network/virtualNetworks/myVnet/subnets/mySubnet",
            "name": "mySubnet",
            "private_endpoint_network_policies_enabled": true,
            "private_link_service_network_policies_enabled": true,
            "resource_group_name": "8pmbatch-RG",
            "service_endpoint_policy_ids": null,
            "service_endpoints": null,
            "timeouts": null,
            "virtual_network_name": "myVnet"
          },
          "sensitive_attributes": [],
          "private": "eyJlMmJmYjczMC1lY2FhLTExZTYtOGY4OC0zNDM2M2JjN2M0YzAiOnsiY3JlYXRlIjoxODAwMDAwMDAwMDAwLCJkZWxldGUiOjE4MDAwMDAwMDAwMDAsInJlYWQiOjMwMDAwMDAwMDAwMCwidXBkYXRlIjoxODAwMDAwMDAwMDAwfX0=",
          "dependencies": [
            "azurerm_virtual_network.example",
            "data.azurerm_resource_group.example"
          ]
        }
      ]
    },
    {
      "mode": "managed",
      "type": "azurerm_virtual_network",
      "name": "example",
      "provider": "provider[\"registry.terraform.io/hashicorp/azurerm\"]",
      "instances": [
        {
          "schema_version": 0,
          "attributes": {
            "address_space": [
              "10.0.0.0/16"
            ],
            "bgp_community": "",
            "ddos_protection_plan": [],
            "dns_servers": [],
            "edge_zone": "",
            "encryption": [],
            "flow_timeout_in_minutes": 0,
            "guid": "0670faf4-9ad1-4426-a4fb-d46d8967ea2f",
            "id": "/subscriptions/491e1121-c626-46e3-98ba-98f9f0434964/resourceGroups/8pmbatch-RG/providers/Microsoft.Network/virtualNetworks/myVnet",
            "location": "southeastasia",
            "name": "myVnet",
            "resource_group_name": "8pmbatch-RG",
            "subnet": [],
            "tags": null,
            "timeouts": null
          },
          "sensitive_attributes": [],
          "private": "eyJlMmJmYjczMC1lY2FhLTExZTYtOGY4OC0zNDM2M2JjN2M0YzAiOnsiY3JlYXRlIjoxODAwMDAwMDAwMDAwLCJkZWxldGUiOjE4MDAwMDAwMDAwMDAsInJlYWQiOjMwMDAwMDAwMDAwMCwidXBkYXRlIjoxODAwMDAwMDAwMDAwfX0=",
          "dependencies": [
            "data.azurerm_resource_group.example"
          ]
        }
      ]
    },
    {
      "mode": "managed",
      "type": "null_resource",
      "name": "remoteExecProvisioner",
      "provider": "provider[\"registry.terraform.io/hashicorp/null\"]",
      "instances": [
        {
          "status": "tainted",
          "schema_version": 0,
          "attributes": {
            "id": "8549331635408574615",
            "triggers": {
              "always_run": "2023-12-08T14:46:25Z"
            }
          },
          "sensitive_attributes": [],
          "dependencies": [
            "azurerm_linux_virtual_machine.example",
            "azurerm_network_interface.example",
            "azurerm_public_ip.pip",
            "azurerm_subnet.example",
            "azurerm_virtual_network.example",
            "data.azurerm_resource_group.example",
            "data.template_file.linux-vm-cloud-init"
          ]
        }
      ]
    }
  ],
  "check_results": null
}
